
Microsoft Visual Studio Solution File, Format Version 12.00
# Visual Studio Version 17
VisualStudioVersion = 17.14.36915.13 d17.14
MinimumVisualStudioVersion = 10.0.40219.1
Project("{FAE04EC0-301F-11D3-BF4B-00C04F79EFBC}") = "Converter", "Converter\Converter.csproj", "{2C321B8F-330B-488D-911E-BDE9BFC3998D}"
EndProject
Global
	GlobalSection(SolutionConfigurationPlatforms) = preSolution
		Debug|Any CPU = Debug|Any CPU
		Release|Any CPU = Release|Any CPU
	EndGlobalSection
	GlobalSection(ProjectConfigurationPlatforms) = postSolution
		{2C321B8F-330B-488D-911E-BDE9BFC3998D}.Debug|Any CPU.ActiveCfg = Debug|Any CPU
		{2C321B8F-330B-488D-911E-BDE9BFC3998D}.Debug|Any CPU.Build.0 = Debug|Any CPU
		{2C321B8F-330B-488D-911E-BDE9BFC3998D}.Release|Any CPU.ActiveCfg = Release|Any CPU
		{2C321B8F-330B-488D-911E-BDE9BFC3998D}.Release|Any CPU.Build.0 = Release|Any CPU
	EndGlobalSection
	GlobalSection(SolutionProperties) = preSolution
		HideSolutionNode = FALSE
	EndGlobalSection
	GlobalSection(ExtensibilityGlobals) = postSolution
		SolutionGuid = {99914CED-BA9C-49F1-A953-51EF6312681E}
	EndGlobalSection
EndGlobal
